
Microsoft Visual Studio Solution File, Format Version 12.00
# Visual Studio Version 17
VisualStudioVersion = 17.6.33801.468
MinimumVisualStudioVersion = 10.0.40219.1
Project("{930C7802-8A8C-48F9-8165-68863BCCD9DD}") = "BootstrapperWixTHREE", "BootstrapperWixTHREE\BootstrapperWixTHREE.wixproj", "{F2D39275-B257-46DA-B8FD-C98958F50433}"
EndProject
Project("{930C7802-8A8C-48F9-8165-68863BCCD9DD}") = "BootMSIwixThree", "MSIwixThree\BootMSIwixThree.wixproj", "{D9679DC3-FD9F-42DE-97F4-E5C0E8C23643}"
EndProject
Project("{B7DD6F7E-DEF8-4E67-B5B7-07EF123DB6F0}") = "BootMSIwixFour", "MSIwixFour\BootMSIwixFour.wixproj", "{29CC4E9B-8862-4B6C-99C0-BA59599E67AA}"
EndProject
Project("{B7DD6F7E-DEF8-4E67-B5B7-07EF123DB6F0}") = "BundleWixFOUR", "BundleWixFOUR\BundleWixFOUR.wixproj", "{2A0401F3-F0C7-4594-A691-5E06B267E17A}"
EndProject
Project("{B7DD6F7E-DEF8-4E67-B5B7-07EF123DB6F0}") = "BootMSIwixThree2", "MSIwixThree2\BootMSIwixThree2.wixproj", "{1F76ED41-D2B9-4496-8204-E51595EAC911}"
EndProject
Project("{930C7802-8A8C-48F9-8165-68863BCCD9DD}") = "BootstrapperWixTHREEupgraded", "BootstrapperWixTHREEupgraded\BootstrapperWixTHREEupgraded.wixproj", "{6205C530-129E-4F4E-BA97-B7DF111AEC71}"
EndProject
Global
	GlobalSection(SolutionConfigurationPlatforms) = preSolution
		Debug|ARM64 = Debug|ARM64
		Debug|x64 = Debug|x64
		Debug|x86 = Debug|x86
		Release|ARM64 = Release|ARM64
		Release|x64 = Release|x64
		Release|x86 = Release|x86
	EndGlobalSection
	GlobalSection(ProjectConfigurationPlatforms) = postSolution
		{F2D39275-B257-46DA-B8FD-C98958F50433}.Debug|ARM64.ActiveCfg = Debug|x86
		{F2D39275-B257-46DA-B8FD-C98958F50433}.Debug|ARM64.Build.0 = Debug|x86
		{F2D39275-B257-46DA-B8FD-C98958F50433}.Debug|x64.ActiveCfg = Debug|x86
		{F2D39275-B257-46DA-B8FD-C98958F50433}.Debug|x64.Build.0 = Debug|x86
		{F2D39275-B257-46DA-B8FD-C98958F50433}.Debug|x86.ActiveCfg = Debug|x86
		{F2D39275-B257-46DA-B8FD-C98958F50433}.Debug|x86.Build.0 = Debug|x86
		{F2D39275-B257-46DA-B8FD-C98958F50433}.Release|ARM64.ActiveCfg = Release|x86
		{F2D39275-B257-46DA-B8FD-C98958F50433}.Release|ARM64.Build.0 = Release|x86
		{F2D39275-B257-46DA-B8FD-C98958F50433}.Release|x64.ActiveCfg = Release|x86
		{F2D39275-B257-46DA-B8FD-C98958F50433}.Release|x64.Build.0 = Release|x86
		{F2D39275-B257-46DA-B8FD-C98958F50433}.Release|x86.ActiveCfg = Release|x86
		{F2D39275-B257-46DA-B8FD-C98958F50433}.Release|x86.Build.0 = Release|x86
		{D9679DC3-FD9F-42DE-97F4-E5C0E8C23643}.Debug|ARM64.ActiveCfg = Debug|x86
		{D9679DC3-FD9F-42DE-97F4-E5C0E8C23643}.Debug|ARM64.Build.0 = Debug|x86
		{D9679DC3-FD9F-42DE-97F4-E5C0E8C23643}.Debug|x64.ActiveCfg = Debug|x86
		{D9679DC3-FD9F-42DE-97F4-E5C0E8C23643}.Debug|x64.Build.0 = Debug|x86
		{D9679DC3-FD9F-42DE-97F4-E5C0E8C23643}.Debug|x86.ActiveCfg = Debug|x86
		{D9679DC3-FD9F-42DE-97F4-E5C0E8C23643}.Debug|x86.Build.0 = Debug|x86
		{D9679DC3-FD9F-42DE-97F4-E5C0E8C23643}.Release|ARM64.ActiveCfg = Release|x86
		{D9679DC3-FD9F-42DE-97F4-E5C0E8C23643}.Release|ARM64.Build.0 = Release|x86
		{D9679DC3-FD9F-42DE-97F4-E5C0E8C23643}.Release|x64.ActiveCfg = Release|x86
		{D9679DC3-FD9F-42DE-97F4-E5C0E8C23643}.Release|x64.Build.0 = Release|x86
		{D9679DC3-FD9F-42DE-97F4-E5C0E8C23643}.Release|x86.ActiveCfg = Release|x86
		{D9679DC3-FD9F-42DE-97F4-E5C0E8C23643}.Release|x86.Build.0 = Release|x86
		{29CC4E9B-8862-4B6C-99C0-BA59599E67AA}.Debug|ARM64.ActiveCfg = Debug|ARM64
		{29CC4E9B-8862-4B6C-99C0-BA59599E67AA}.Debug|ARM64.Build.0 = Debug|ARM64
		{29CC4E9B-8862-4B6C-99C0-BA59599E67AA}.Debug|x64.ActiveCfg = Debug|x64
		{29CC4E9B-8862-4B6C-99C0-BA59599E67AA}.Debug|x64.Build.0 = Debug|x64
		{29CC4E9B-8862-4B6C-99C0-BA59599E67AA}.Debug|x86.ActiveCfg = Debug|x86
		{29CC4E9B-8862-4B6C-99C0-BA59599E67AA}.Debug|x86.Build.0 = Debug|x86
		{29CC4E9B-8862-4B6C-99C0-BA59599E67AA}.Release|ARM64.ActiveCfg = Release|ARM64
		{29CC4E9B-8862-4B6C-99C0-BA59599E67AA}.Release|ARM64.Build.0 = Release|ARM64
		{29CC4E9B-8862-4B6C-99C0-BA59599E67AA}.Release|x64.ActiveCfg = Release|x64
		{29CC4E9B-8862-4B6C-99C0-BA59599E67AA}.Release|x64.Build.0 = Release|x64
		{29CC4E9B-8862-4B6C-99C0-BA59599E67AA}.Release|x86.ActiveCfg = Release|x86
		{29CC4E9B-8862-4B6C-99C0-BA59599E67AA}.Release|x86.Build.0 = Release|x86
		{2A0401F3-F0C7-4594-A691-5E06B267E17A}.Debug|ARM64.ActiveCfg = Debug|ARM64
		{2A0401F3-F0C7-4594-A691-5E06B267E17A}.Debug|ARM64.Build.0 = Debug|ARM64
		{2A0401F3-F0C7-4594-A691-5E06B267E17A}.Debug|x64.ActiveCfg = Debug|x64
		{2A0401F3-F0C7-4594-A691-5E06B267E17A}.Debug|x64.Build.0 = Debug|x64
		{2A0401F3-F0C7-4594-A691-5E06B267E17A}.Debug|x86.ActiveCfg = Debug|x86
		{2A0401F3-F0C7-4594-A691-5E06B267E17A}.Debug|x86.Build.0 = Debug|x86
		{2A0401F3-F0C7-4594-A691-5E06B267E17A}.Release|ARM64.ActiveCfg = Release|ARM64
		{2A0401F3-F0C7-4594-A691-5E06B267E17A}.Release|ARM64.Build.0 = Release|ARM64
		{2A0401F3-F0C7-4594-A691-5E06B267E17A}.Release|x64.ActiveCfg = Release|x64
		{2A0401F3-F0C7-4594-A691-5E06B267E17A}.Release|x64.Build.0 = Release|x64
		{2A0401F3-F0C7-4594-A691-5E06B267E17A}.Release|x86.ActiveCfg = Release|x86
		{2A0401F3-F0C7-4594-A691-5E06B267E17A}.Release|x86.Build.0 = Release|x86
		{1F76ED41-D2B9-4496-8204-E51595EAC911}.Debug|ARM64.ActiveCfg = Debug|x86
		{1F76ED41-D2B9-4496-8204-E51595EAC911}.Debug|ARM64.Build.0 = Debug|x86
		{1F76ED41-D2B9-4496-8204-E51595EAC911}.Debug|x64.ActiveCfg = Debug|x86
		{1F76ED41-D2B9-4496-8204-E51595EAC911}.Debug|x64.Build.0 = Debug|x86
		{1F76ED41-D2B9-4496-8204-E51595EAC911}.Debug|x86.ActiveCfg = Debug|x86
		{1F76ED41-D2B9-4496-8204-E51595EAC911}.Debug|x86.Build.0 = Debug|x86
		{1F76ED41-D2B9-4496-8204-E51595EAC911}.Release|ARM64.ActiveCfg = Release|x86
		{1F76ED41-D2B9-4496-8204-E51595EAC911}.Release|ARM64.Build.0 = Release|x86
		{1F76ED41-D2B9-4496-8204-E51595EAC911}.Release|x64.ActiveCfg = Release|x86
		{1F76ED41-D2B9-4496-8204-E51595EAC911}.Release|x64.Build.0 = Release|x86
		{1F76ED41-D2B9-4496-8204-E51595EAC911}.Release|x86.ActiveCfg = Release|x86
		{1F76ED41-D2B9-4496-8204-E51595EAC911}.Release|x86.Build.0 = Release|x86
		{6205C530-129E-4F4E-BA97-B7DF111AEC71}.Debug|ARM64.ActiveCfg = Debug|x86
		{6205C530-129E-4F4E-BA97-B7DF111AEC71}.Debug|ARM64.Build.0 = Debug|x86
		{6205C530-129E-4F4E-BA97-B7DF111AEC71}.Debug|x64.ActiveCfg = Debug|x64
		{6205C530-129E-4F4E-BA97-B7DF111AEC71}.Debug|x64.Build.0 = Debug|x64
		{6205C530-129E-4F4E-BA97-B7DF111AEC71}.Debug|x86.ActiveCfg = Debug|x86
		{6205C530-129E-4F4E-BA97-B7DF111AEC71}.Debug|x86.Build.0 = Debug|x86
		{6205C530-129E-4F4E-BA97-B7DF111AEC71}.Release|ARM64.ActiveCfg = Release|x86
		{6205C530-129E-4F4E-BA97-B7DF111AEC71}.Release|ARM64.Build.0 = Release|x86
		{6205C530-129E-4F4E-BA97-B7DF111AEC71}.Release|x64.ActiveCfg = Release|x86
		{6205C530-129E-4F4E-BA97-B7DF111AEC71}.Release|x64.Build.0 = Release|x86
		{6205C530-129E-4F4E-BA97-B7DF111AEC71}.Release|x86.ActiveCfg = Release|x86
		{6205C530-129E-4F4E-BA97-B7DF111AEC71}.Release|x86.Build.0 = Release|x86
	EndGlobalSection
	GlobalSection(SolutionProperties) = preSolution
		HideSolutionNode = FALSE
	EndGlobalSection
	GlobalSection(ExtensibilityGlobals) = postSolution
		SolutionGuid = {6E35A455-E1AD-413F-85D0-53B12366816A}
	EndGlobalSection
EndGlobal
